
Microsoft Visual Studio Solution File, Format Version 12.00
# Visual Studio Version 17
VisualStudioVersion = 17.6.33712.159
MinimumVisualStudioVersion = 10.0.40219.1
Project("{FAE04EC0-301F-11D3-BF4B-00C04F79EFBC}") = "Desafio2MartinBiurrun", "Desafio2MartinBiurrun.csproj", "{F6BD9312-D0BC-4CFB-9A75-112DD8408B7E}"
EndProject
Global
	GlobalSection(SolutionConfigurationPlatforms) = preSolution
		Debug|Any CPU = Debug|Any CPU
		Release|Any CPU = Release|Any CPU
	EndGlobalSection
	GlobalSection(ProjectConfigurationPlatforms) = postSolution
		{F6BD9312-D0BC-4CFB-9A75-112DD8408B7E}.Debug|Any CPU.ActiveCfg = Debug|Any CPU
		{F6BD9312-D0BC-4CFB-9A75-112DD8408B7E}.Debug|Any CPU.Build.0 = Debug|Any CPU
		{F6BD9312-D0BC-4CFB-9A75-112DD8408B7E}.Release|Any CPU.ActiveCfg = Release|Any CPU
		{F6BD9312-D0BC-4CFB-9A75-112DD8408B7E}.Release|Any CPU.Build.0 = Release|Any CPU
	EndGlobalSection
	GlobalSection(SolutionProperties) = preSolution
		HideSolutionNode = FALSE
	EndGlobalSection
	GlobalSection(ExtensibilityGlobals) = postSolution
		SolutionGuid = {D62EB115-D457-49A2-9688-055E8D3A30F4}
	EndGlobalSection
EndGlobal
